
Microsoft Visual Studio Solution File, Format Version 12.00
# Visual Studio 14
VisualStudioVersion = 14.0.25420.1
MinimumVisualStudioVersion = 10.0.40219.1
Project("{FAE04EC0-301F-11D3-BF4B-00C04F79EFBC}") = "PatientEmpathy", "PatientEmpathy\PatientEmpathy.csproj", "{10023626-7A04-4E2C-8180-3F5EB848B181}"
EndProject
Project("{FAE04EC0-301F-11D3-BF4B-00C04F79EFBC}") = "ConnectCache", "ConnectCache\ConnectCache.csproj", "{A17CE653-9672-4128-B753-6129BBF76106}"
EndProject
Global
	GlobalSection(SolutionConfigurationPlatforms) = preSolution
		Debug|Any CPU = Debug|Any CPU
		Release|Any CPU = Release|Any CPU
	EndGlobalSection
	GlobalSection(ProjectConfigurationPlatforms) = postSolution
		{10023626-7A04-4E2C-8180-3F5EB848B181}.Debug|Any CPU.ActiveCfg = Debug|Any CPU
		{10023626-7A04-4E2C-8180-3F5EB848B181}.Debug|Any CPU.Build.0 = Debug|Any CPU
		{10023626-7A04-4E2C-8180-3F5EB848B181}.Release|Any CPU.ActiveCfg = Release|Any CPU
		{10023626-7A04-4E2C-8180-3F5EB848B181}.Release|Any CPU.Build.0 = Release|Any CPU
		{A17CE653-9672-4128-B753-6129BBF76106}.Debug|Any CPU.ActiveCfg = Debug|Any CPU
		{A17CE653-9672-4128-B753-6129BBF76106}.Debug|Any CPU.Build.0 = Debug|Any CPU
		{A17CE653-9672-4128-B753-6129BBF76106}.Release|Any CPU.ActiveCfg = Release|Any CPU
		{A17CE653-9672-4128-B753-6129BBF76106}.Release|Any CPU.Build.0 = Release|Any CPU
	EndGlobalSection
	GlobalSection(SolutionProperties) = preSolution
		HideSolutionNode = FALSE
	EndGlobalSection
EndGlobal
